// !$*UTF8*$!
{
	archiveVersion = 1;
	classes = {
	};
	objectVersion = 48;
	objects = {

/* Begin PBXBuildFile section */
		471F417AB86CD2A72C7029C3 /* libPods-YeeShopCarObjcProject.a in Frameworks */ = {isa = PBXBuildFile; fileRef = 2BAC1135FC2AC5559307AED5 /* libPods-YeeShopCarObjcProject.a */; };
		8835C5B0206F74500040C3D9 /* AppDelegate.m in Sources */ = {isa = PBXBuildFile; fileRef = 8835C5AF206F74500040C3D9 /* AppDelegate.m */; };
		8835C5B8206F74500040C3D9 /* Assets.xcassets in Resources */ = {isa = PBXBuildFile; fileRef = 8835C5B7206F74500040C3D9 /* Assets.xcassets */; };
		8835C5BB206F74500040C3D9 /* LaunchScreen.storyboard in Resources */ = {isa = PBXBuildFile; fileRef = 8835C5B9206F74500040C3D9 /* LaunchScreen.storyboard */; };
		8835C5BE206F74500040C3D9 /* main.m in Sources */ = {isa = PBXBuildFile; fileRef = 8835C5BD206F74500040C3D9 /* main.m */; };
		8835C5C8206F74510040C3D9 /* YeeShopCarObjcProjectTests.m in Sources */ = {isa = PBXBuildFile; fileRef = 8835C5C7206F74510040C3D9 /* YeeShopCarObjcProjectTests.m */; };
		8835C5D3206F74510040C3D9 /* YeeShopCarObjcProjectUITests.m in Sources */ = {isa = PBXBuildFile; fileRef = 8835C5D2206F74510040C3D9 /* YeeShopCarObjcProjectUITests.m */; };
		8835C5E8206F76800040C3D9 /* ListTableViewController.m in Sources */ = {isa = PBXBuildFile; fileRef = 8835C5E7206F76800040C3D9 /* ListTableViewController.m */; };
		8835C5E9206F76800040C3D9 /* ListTableViewController.m in Sources */ = {isa = PBXBuildFile; fileRef = 8835C5E7206F76800040C3D9 /* ListTableViewController.m */; };
		8835C5EA206F76800040C3D9 /* ListTableViewController.m in Sources */ = {isa = PBXBuildFile; fileRef = 8835C5E7206F76800040C3D9 /* ListTableViewController.m */; };
		8835C5ED206F7EC30040C3D9 /* ListTableViewCell.m in Sources */ = {isa = PBXBuildFile; fileRef = 8835C5EC206F7EC30040C3D9 /* ListTableViewCell.m */; };
		8835C5EE206F7EC30040C3D9 /* ListTableViewCell.m in Sources */ = {isa = PBXBuildFile; fileRef = 8835C5EC206F7EC30040C3D9 /* ListTableViewCell.m */; };
		8835C5EF206F7EC30040C3D9 /* ListTableViewCell.m in Sources */ = {isa = PBXBuildFile; fileRef = 8835C5EC206F7EC30040C3D9 /* ListTableViewCell.m */; };
		8835C5F2206F7EDD0040C3D9 /* YeeShopCarHelp.m in Sources */ = {isa = PBXBuildFile; fileRef = 8835C5F1206F7EDD0040C3D9 /* YeeShopCarHelp.m */; };
		8835C5F3206F7EDD0040C3D9 /* YeeShopCarHelp.m in Sources */ = {isa = PBXBuildFile; fileRef = 8835C5F1206F7EDD0040C3D9 /* YeeShopCarHelp.m */; };
		8835C5F4206F7EDD0040C3D9 /* YeeShopCarHelp.m in Sources */ = {isa = PBXBuildFile; fileRef = 8835C5F1206F7EDD0040C3D9 /* YeeShopCarHelp.m */; };
		8835C5F7206F81940040C3D9 /* ListViewEntify.m in Sources */ = {isa = PBXBuildFile; fileRef = 8835C5F6206F81940040C3D9 /* ListViewEntify.m */; };
		8835C5F8206F81940040C3D9 /* ListViewEntify.m in Sources */ = {isa = PBXBuildFile; fileRef = 8835C5F6206F81940040C3D9 /* ListViewEntify.m */; };
		8835C5F9206F81940040C3D9 /* ListViewEntify.m in Sources */ = {isa = PBXBuildFile; fileRef = 8835C5F6206F81940040C3D9 /* ListViewEntify.m */; };
		883A5D60207374BC00D5F403 /* ShowImageViewController.m in Sources */ = {isa = PBXBuildFile; fileRef = 883A5D5F207374BC00D5F403 /* ShowImageViewController.m */; };
		883A5D6C207378A100D5F403 /* TabBarViewController.m in Sources */ = {isa = PBXBuildFile; fileRef = 883A5D6B2073787C00D5F403 /* TabBarViewController.m */; };
		883A5D6D207378BB00D5F403 /* UIBezierPathAnimationViewController.m in Sources */ = {isa = PBXBuildFile; fileRef = 883A5D682073786000D5F403 /* UIBezierPathAnimationViewController.m */; };
/* End PBXBuildFile section */

/* Begin PBXContainerItemProxy section */
		8835C5C4206F74510040C3D9 /* PBXContainerItemProxy */ = {
			isa = PBXContainerItemProxy;
			containerPortal = 8835C5A3206F74500040C3D9 /* Project object */;
			proxyType = 1;
			remoteGlobalIDString = 8835C5AA206F74500040C3D9;
			remoteInfo = YeeShopCarObjcProject;
		};
		8835C5CF206F74510040C3D9 /* PBXContainerItemProxy */ = {
			isa = PBXContainerItemProxy;
			containerPortal = 8835C5A3206F74500040C3D9 /* Project object */;
			proxyType = 1;
			remoteGlobalIDString = 8835C5AA206F74500040C3D9;
			remoteInfo = YeeShopCarObjcProject;
		};
/* End PBXContainerItemProxy section */

/* Begin PBXFileReference section */
		2BAC1135FC2AC5559307AED5 /* libPods-YeeShopCarObjcProject.a */ = {isa = PBXFileReference; explicitFileType = archive.ar; includeInIndex = 0; path = "libPods-YeeShopCarObjcProject.a"; sourceTree = BUILT_PRODUCTS_DIR; };
		8835C5AB206F74500040C3D9 /* YeeShopCarObjcProject.app */ = {isa = PBXFileReference; explicitFileType = wrapper.application; includeInIndex = 0; path = YeeShopCarObjcProject.app; sourceTree = BUILT_PRODUCTS_DIR; };
		8835C5AE206F74500040C3D9 /* AppDelegate.h */ = {isa = PBXFileReference; lastKnownFileType = sourcecode.c.h; path = AppDelegate.h; sourceTree = "<group>"; };
		8835C5AF206F74500040C3D9 /* AppDelegate.m */ = {isa = PBXFileReference; lastKnownFileType = sourcecode.c.objc; path = AppDelegate.m; sourceTree = "<group>"; };
		8835C5B7206F74500040C3D9 /* Assets.xcassets */ = {isa = PBXFileReference; lastKnownFileType = folder.assetcatalog; path = Assets.xcassets; sourceTree = "<group>"; };
		8835C5BA206F74500040C3D9 /* Base */ = {isa = PBXFileReference; lastKnownFileType = file.storyboard; name = Base; path = Base.lproj/LaunchScreen.storyboard; sourceTree = "<group>"; };
		8835C5BC206F74500040C3D9 /* Info.plist */ = {isa = PBXFileReference; lastKnownFileType = text.plist.xml; path = Info.plist; sourceTree = "<group>"; };
		8835C5BD206F74500040C3D9 /* main.m */ = {isa = PBXFileReference; lastKnownFileType = sourcecode.c.objc; path = main.m; sourceTree = "<group>"; };
		8835C5C3206F74510040C3D9 /* YeeShopCarObjcProjectTests.xctest */ = {isa = PBXFileReference; explicitFileType = wrapper.cfbundle; includeInIndex = 0; path = YeeShopCarObjcProjectTests.xctest; sourceTree = BUILT_PRODUCTS_DIR; };
		8835C5C7206F74510040C3D9 /* YeeShopCarObjcProjectTests.m */ = {isa = PBXFileReference; lastKnownFileType = sourcecode.c.objc; path = YeeShopCarObjcProjectTests.m; sourceTree = "<group>"; };
		8835C5C9206F74510040C3D9 /* Info.plist */ = {isa = PBXFileReference; lastKnownFileType = text.plist.xml; path = Info.plist; sourceTree = "<group>"; };
		8835C5CE206F74510040C3D9 /* YeeShopCarObjcProjectUITests.xctest */ = {isa = PBXFileReference; explicitFileType = wrapper.cfbundle; includeInIndex = 0; path = YeeShopCarObjcProjectUITests.xctest; sourceTree = BUILT_PRODUCTS_DIR; };
		8835C5D2206F74510040C3D9 /* YeeShopCarObjcProjectUITests.m */ = {isa = PBXFileReference; lastKnownFileType = sourcecode.c.objc; path = YeeShopCarObjcProjectUITests.m; sourceTree = "<group>"; };
		8835C5D4206F74510040C3D9 /* Info.plist */ = {isa = PBXFileReference; lastKnownFileType = text.plist.xml; path = Info.plist; sourceTree = "<group>"; };
		8835C5E6206F76800040C3D9 /* ListTableViewController.h */ = {isa = PBXFileReference; lastKnownFileType = sourcecode.c.h; path = ListTableViewController.h; sourceTree = "<group>"; };
		8835C5E7206F76800040C3D9 /* ListTableViewController.m */ = {isa = PBXFileReference; lastKnownFileType = sourcecode.c.objc; path = ListTableViewController.m; sourceTree = "<group>"; };
		8835C5EB206F7EC30040C3D9 /* ListTableViewCell.h */ = {isa = PBXFileReference; lastKnownFileType = sourcecode.c.h; path = ListTableViewCell.h; sourceTree = "<group>"; };
		8835C5EC206F7EC30040C3D9 /* ListTableViewCell.m */ = {isa = PBXFileReference; lastKnownFileType = sourcecode.c.objc; path = ListTableViewCell.m; sourceTree = "<group>"; };
		8835C5F0206F7EDD0040C3D9 /* YeeShopCarHelp.h */ = {isa = PBXFileReference; fileEncoding = 4; lastKnownFileType = sourcecode.c.h; path = YeeShopCarHelp.h; sourceTree = "<group>"; };
		8835C5F1206F7EDD0040C3D9 /* YeeShopCarHelp.m */ = {isa = PBXFileReference; fileEncoding = 4; lastKnownFileType = sourcecode.c.objc; path = YeeShopCarHelp.m; sourceTree = "<group>"; };
		8835C5F5206F81940040C3D9 /* ListViewEntify.h */ = {isa = PBXFileReference; lastKnownFileType = sourcecode.c.h; path = ListViewEntify.h; sourceTree = "<group>"; };
		8835C5F6206F81940040C3D9 /* ListViewEntify.m */ = {isa = PBXFileReference; lastKnownFileType = sourcecode.c.objc; path = ListViewEntify.m; sourceTree = "<group>"; };
		883A5D5E207374BC00D5F403 /* ShowImageViewController.h */ = {isa = PBXFileReference; lastKnownFileType = sourcecode.c.h; path = ShowImageViewController.h; sourceTree = "<group>"; };
		883A5D5F207374BC00D5F403 /* ShowImageViewController.m */ = {isa = PBXFileReference; lastKnownFileType = sourcecode.c.objc; path = ShowImageViewController.m; sourceTree = "<group>"; };
		883A5D682073786000D5F403 /* UIBezierPathAnimationViewController.m */ = {isa = PBXFileReference; lastKnownFileType = sourcecode.c.objc; path = UIBezierPathAnimationViewController.m; sourceTree = "<group>"; };
		883A5D692073786000D5F403 /* UIBezierPathAnimationViewController.h */ = {isa = PBXFileReference; lastKnownFileType = sourcecode.c.h; path = UIBezierPathAnimationViewController.h; sourceTree = "<group>"; };
		883A5D6A2073787C00D5F403 /* TabBarViewController.h */ = {isa = PBXFileReference; lastKnownFileType = sourcecode.c.h; path = TabBarViewController.h; sourceTree = "<group>"; };
		883A5D6B2073787C00D5F403 /* TabBarViewController.m */ = {isa = PBXFileReference; lastKnownFileType = sourcecode.c.objc; path = TabBarViewController.m; sourceTree = "<group>"; };
		CCDDFCE823652C0F873A57A6 /* Pods-YeeShopCarObjcProject.debug.xcconfig */ = {isa = PBXFileReference; includeInIndex = 1; lastKnownFileType = text.xcconfig; name = "Pods-YeeShopCarObjcProject.debug.xcconfig"; path = "Pods/Target Support Files/Pods-YeeShopCarObjcProject/Pods-YeeShopCarObjcProject.debug.xcconfig"; sourceTree = "<group>"; };
		D0FB82C98BACCC7553D85EBA /* Pods-YeeShopCarObjcProject.release.xcconfig */ = {isa = PBXFileReference; includeInIndex = 1; lastKnownFileType = text.xcconfig; name = "Pods-YeeShopCarObjcProject.release.xcconfig"; path = "Pods/Target Support Files/Pods-YeeShopCarObjcProject/Pods-YeeShopCarObjcProject.release.xcconfig"; sourceTree = "<group>"; };
/* End PBXFileReference section */

/* Begin PBXFrameworksBuildPhase section */
		8835C5A8206F74500040C3D9 /* Frameworks */ = {
			isa = PBXFrameworksBuildPhase;
			buildActionMask = 2147483647;
			files = (
				471F417AB86CD2A72C7029C3 /* libPods-YeeShopCarObjcProject.a in Frameworks */,
			);
			runOnlyForDeploymentPostprocessing = 0;
		};
		8835C5C0206F74510040C3D9 /* Frameworks */ = {
			isa = PBXFrameworksBuildPhase;
			buildActionMask = 2147483647;
			files = (
			);
			runOnlyForDeploymentPostprocessing = 0;
		};
		8835C5CB206F74510040C3D9 /* Frameworks */ = {
			isa = PBXFrameworksBuildPhase;
			buildActionMask = 2147483647;
			files = (
			);
			runOnlyForDeploymentPostprocessing = 0;
		};
/* End PBXFrameworksBuildPhase section */

/* Begin PBXGroup section */
		5C2C7F98729ED77B2B44CCFB /* Frameworks */ = {
			isa = PBXGroup;
			children = (
				2BAC1135FC2AC5559307AED5 /* libPods-YeeShopCarObjcProject.a */,
			);
			name = Frameworks;
			sourceTree = "<group>";
		};
		81B0A333CA022C0E6324150C /* Pods */ = {
			isa = PBXGroup;
			children = (
				CCDDFCE823652C0F873A57A6 /* Pods-YeeShopCarObjcProject.debug.xcconfig */,
				D0FB82C98BACCC7553D85EBA /* Pods-YeeShopCarObjcProject.release.xcconfig */,
			);
			name = Pods;
			sourceTree = "<group>";
		};
		8835C5A2206F74500040C3D9 = {
			isa = PBXGroup;
			children = (
				8835C5AD206F74500040C3D9 /* YeeShopCarObjcProject */,
				8835C5C6206F74510040C3D9 /* YeeShopCarObjcProjectTests */,
				8835C5D1206F74510040C3D9 /* YeeShopCarObjcProjectUITests */,
				8835C5AC206F74500040C3D9 /* Products */,
				81B0A333CA022C0E6324150C /* Pods */,
				5C2C7F98729ED77B2B44CCFB /* Frameworks */,
			);
			sourceTree = "<group>";
		};
		8835C5AC206F74500040C3D9 /* Products */ = {
			isa = PBXGroup;
			children = (
				8835C5AB206F74500040C3D9 /* YeeShopCarObjcProject.app */,
				8835C5C3206F74510040C3D9 /* YeeShopCarObjcProjectTests.xctest */,
				8835C5CE206F74510040C3D9 /* YeeShopCarObjcProjectUITests.xctest */,
			);
			name = Products;
			sourceTree = "<group>";
		};
		8835C5AD206F74500040C3D9 /* YeeShopCarObjcProject */ = {
			isa = PBXGroup;
			children = (
				8835C5E0206F76000040C3D9 /* YeeShopCarHelp */,
				8835C5AE206F74500040C3D9 /* AppDelegate.h */,
				8835C5AF206F74500040C3D9 /* AppDelegate.m */,
				8835C5F5206F81940040C3D9 /* ListViewEntify.h */,
				8835C5F6206F81940040C3D9 /* ListViewEntify.m */,
				8835C5E6206F76800040C3D9 /* ListTableViewController.h */,
				8835C5E7206F76800040C3D9 /* ListTableViewController.m */,
				883A5D6A2073787C00D5F403 /* TabBarViewController.h */,
				883A5D6B2073787C00D5F403 /* TabBarViewController.m */,
				883A5D5E207374BC00D5F403 /* ShowImageViewController.h */,
				883A5D5F207374BC00D5F403 /* ShowImageViewController.m */,
				8835C5EB206F7EC30040C3D9 /* ListTableViewCell.h */,
				8835C5EC206F7EC30040C3D9 /* ListTableViewCell.m */,
				883A5D692073786000D5F403 /* UIBezierPathAnimationViewController.h */,
				883A5D682073786000D5F403 /* UIBezierPathAnimationViewController.m */,
				8835C5B7206F74500040C3D9 /* Assets.xcassets */,
				8835C5B9206F74500040C3D9 /* LaunchScreen.storyboard */,
				8835C5BC206F74500040C3D9 /* Info.plist */,
				8835C5BD206F74500040C3D9 /* main.m */,
			);
			path = YeeShopCarObjcProject;
			sourceTree = "<group>";
		};
		8835C5C6206F74510040C3D9 /* YeeShopCarObjcProjectTests */ = {
			isa = PBXGroup;
			children = (
				8835C5C7206F74510040C3D9 /* YeeShopCarObjcProjectTests.m */,
				8835C5C9206F74510040C3D9 /* Info.plist */,
			);
			path = YeeShopCarObjcProjectTests;
			sourceTree = "<group>";
		};
		8835C5D1206F74510040C3D9 /* YeeShopCarObjcProjectUITests */ = {
			isa = PBXGroup;
			children = (
				8835C5D2206F74510040C3D9 /* YeeShopCarObjcProjectUITests.m */,
				8835C5D4206F74510040C3D9 /* Info.plist */,
			);
			path = YeeShopCarObjcProjectUITests;
			sourceTree = "<group>";
		};
		8835C5E0206F76000040C3D9 /* YeeShopCarHelp */ = {
			isa = PBXGroup;
			children = (
				8835C5F0206F7EDD0040C3D9 /* YeeShopCarHelp.h */,
				8835C5F1206F7EDD0040C3D9 /* YeeShopCarHelp.m */,
			);
			path = YeeShopCarHelp;
			sourceTree = "<group>";
		};
/* End PBXGroup section */

/* Begin PBXNativeTarget section */
		8835C5AA206F74500040C3D9 /* YeeShopCarObjcProject */ = {
			isa = PBXNativeTarget;
			buildConfigurationList = 8835C5D7206F74510040C3D9 /* Build configuration list for PBXNativeTarget "YeeShopCarObjcProject" */;
			buildPhases = (
				57E297BEA8D5C5A1D645E684 /* [CP] Check Pods Manifest.lock */,
				8835C5A7206F74500040C3D9 /* Sources */,
				8835C5A8206F74500040C3D9 /* Frameworks */,
				8835C5A9206F74500040C3D9 /* Resources */,
				CF33387A3DD1DD4954023307 /* [CP] Embed Pods Frameworks */,
				AE1D4AB2D77A76EA86F2D4FC /* [CP] Copy Pods Resources */,
			);
			buildRules = (
			);
			dependencies = (
			);
			name = YeeShopCarObjcProject;
			productName = YeeShopCarObjcProject;
			productReference = 8835C5AB206F74500040C3D9 /* YeeShopCarObjcProject.app */;
			productType = "com.apple.product-type.application";
		};
		8835C5C2206F74510040C3D9 /* YeeShopCarObjcProjectTests */ = {
			isa = PBXNativeTarget;
			buildConfigurationList = 8835C5DA206F74510040C3D9 /* Build configuration list for PBXNativeTarget "YeeShopCarObjcProjectTests" */;
			buildPhases = (
				8835C5BF206F74510040C3D9 /* Sources */,
				8835C5C0206F74510040C3D9 /* Frameworks */,
				8835C5C1206F74510040C3D9 /* Resources */,
			);
			buildRules = (
			);
			dependencies = (
				8835C5C5206F74510040C3D9 /* PBXTargetDependency */,
			);
			name = YeeShopCarObjcProjectTests;
			productName = YeeShopCarObjcProjectTests;
			productReference = 8835C5C3206F74510040C3D9 /* YeeShopCarObjcProjectTests.xctest */;
			productType = "com.apple.product-type.bundle.unit-test";
		};
		8835C5CD206F74510040C3D9 /* YeeShopCarObjcProjectUITests */ = {
			isa = PBXNativeTarget;
			buildConfigurationList = 8835C5DD206F74510040C3D9 /* Build configuration list for PBXNativeTarget "YeeShopCarObjcProjectUITests" */;
			buildPhases = (
				8835C5CA206F74510040C3D9 /* Sources */,
				8835C5CB206F74510040C3D9 /* Frameworks */,
				8835C5CC206F74510040C3D9 /* Resources */,
			);
			buildRules = (
			);
			dependencies = (
				8835C5D0206F74510040C3D9 /* PBXTargetDependency */,
			);
			name = YeeShopCarObjcProjectUITests;
			productName = YeeShopCarObjcProjectUITests;
			productReference = 8835C5CE206F74510040C3D9 /* YeeShopCarObjcProjectUITests.xctest */;
			productType = "com.apple.product-type.bundle.ui-testing";
		};
/* End PBXNativeTarget section */

/* Begin PBXProject section */
		8835C5A3206F74500040C3D9 /* Project object */ = {
			isa = PBXProject;
			attributes = {
				LastUpgradeCheck = 0920;
				ORGANIZATIONNAME = Yee;
				TargetAttributes = {
					8835C5AA206F74500040C3D9 = {
						CreatedOnToolsVersion = 9.2;
						ProvisioningStyle = Automatic;
					};
					8835C5C2206F74510040C3D9 = {
						CreatedOnToolsVersion = 9.2;
						ProvisioningStyle = Automatic;
						TestTargetID = 8835C5AA206F74500040C3D9;
					};
					8835C5CD206F74510040C3D9 = {
						CreatedOnToolsVersion = 9.2;
						ProvisioningStyle = Automatic;
						TestTargetID = 8835C5AA206F74500040C3D9;
					};
				};
			};
			buildConfigurationList = 8835C5A6206F74500040C3D9 /* Build configuration list for PBXProject "YeeShopCarObjcProject" */;
			compatibilityVersion = "Xcode 8.0";
			developmentRegion = en;
			hasScannedForEncodings = 0;
			knownRegions = (
				en,
				Base,
			);
			mainGroup = 8835C5A2206F74500040C3D9;
			productRefGroup = 8835C5AC206F74500040C3D9 /* Products */;
			projectDirPath = "";
			projectRoot = "";
			targets = (
				8835C5AA206F74500040C3D9 /* YeeShopCarObjcProject */,
				8835C5C2206F74510040C3D9 /* YeeShopCarObjcProjectTests */,
				8835C5CD206F74510040C3D9 /* YeeShopCarObjcProjectUITests */,
			);
		};
/* End PBXProject section */

/* Begin PBXResourcesBuildPhase section */
		8835C5A9206F74500040C3D9 /* Resources */ = {
			isa = PBXResourcesBuildPhase;
			buildActionMask = 2147483647;
			files = (
				8835C5BB206F74500040C3D9 /* LaunchScreen.storyboard in Resources */,
				8835C5B8206F74500040C3D9 /* Assets.xcassets in Resources */,
			);
			runOnlyForDeploymentPostprocessing = 0;
		};
		8835C5C1206F74510040C3D9 /* Resources */ = {
			isa = PBXResourcesBuildPhase;
			buildActionMask = 2147483647;
			files = (
			);
			runOnlyForDeploymentPostprocessing = 0;
		};
		8835C5CC206F74510040C3D9 /* Resources */ = {
			isa = PBXResourcesBuildPhase;
			buildActionMask = 2147483647;
			files = (
			);
			runOnlyForDeploymentPostprocessing = 0;
		};
/* End PBXResourcesBuildPhase section */

/* Begin PBXShellScriptBuildPhase section */
		57E297BEA8D5C5A1D645E684 /* [CP] Check Pods Manifest.lock */ = {
			isa = PBXShellScriptBuildPhase;
			buildActionMask = 2147483647;
			files = (
			);
			inputPaths = (
				"${PODS_PODFILE_DIR_PATH}/Podfile.lock",
				"${PODS_ROOT}/Manifest.lock",
			);
			name = "[CP] Check Pods Manifest.lock";
			outputPaths = (
				"$(DERIVED_FILE_DIR)/Pods-YeeShopCarObjcProject-checkManifestLockResult.txt",
			);
			runOnlyForDeploymentPostprocessing = 0;
			shellPath = /bin/sh;
			shellScript = "diff \"${PODS_PODFILE_DIR_PATH}/Podfile.lock\" \"${PODS_ROOT}/Manifest.lock\" > /dev/null\nif [ $? != 0 ] ; then\n    # print error to STDERR\n    echo \"error: The sandbox is not in sync with the Podfile.lock. Run 'pod install' or update your CocoaPods installation.\" >&2\n    exit 1\nfi\n# This output is used by Xcode 'outputs' to avoid re-running this script phase.\necho \"SUCCESS\" > \"${SCRIPT_OUTPUT_FILE_0}\"\n";
			showEnvVarsInLog = 0;
		};
		AE1D4AB2D77A76EA86F2D4FC /* [CP] Copy Pods Resources */ = {
			isa = PBXShellScriptBuildPhase;
			buildActionMask = 2147483647;
			files = (
			);
			inputPaths = (
			);
			name = "[CP] Copy Pods Resources";
			outputPaths = (
			);
			runOnlyForDeploymentPostprocessing = 0;
			shellPath = /bin/sh;
			shellScript = "\"${SRCROOT}/Pods/Target Support Files/Pods-YeeShopCarObjcProject/Pods-YeeShopCarObjcProject-resources.sh\"\n";
			showEnvVarsInLog = 0;
		};
		CF33387A3DD1DD4954023307 /* [CP] Embed Pods Frameworks */ = {
			isa = PBXShellScriptBuildPhase;
			buildActionMask = 2147483647;
			files = (
			);
			inputPaths = (
			);
			name = "[CP] Embed Pods Frameworks";
			outputPaths = (
			);
			runOnlyForDeploymentPostprocessing = 0;
			shellPath = /bin/sh;
			shellScript = "\"${SRCROOT}/Pods/Target Support Files/Pods-YeeShopCarObjcProject/Pods-YeeShopCarObjcProject-frameworks.sh\"\n";
			showEnvVarsInLog = 0;
		};
/* End PBXShellScriptBuildPhase section */

/* Begin PBXSourcesBuildPhase section */
		8835C5A7206F74500040C3D9 /* Sources */ = {
			isa = PBXSourcesBuildPhase;
			buildActionMask = 2147483647;
			files = (
				883A5D6D207378BB00D5F403 /* UIBezierPathAnimationViewController.m in Sources */,
				883A5D6C207378A100D5F403 /* TabBarViewController.m in Sources */,
				8835C5BE206F74500040C3D9 /* main.m in Sources */,
				8835C5B0206F74500040C3D9 /* AppDelegate.m in Sources */,
				8835C5F2206F7EDD0040C3D9 /* YeeShopCarHelp.m in Sources */,
				8835C5F7206F81940040C3D9 /* ListViewEntify.m in Sources */,
				8835C5E8206F76800040C3D9 /* ListTableViewController.m in Sources */,
				8835C5ED206F7EC30040C3D9 /* ListTableViewCell.m in Sources */,
				883A5D60207374BC00D5F403 /* ShowImageViewController.m in Sources */,
			);
			runOnlyForDeploymentPostprocessing = 0;
		};
		8835C5BF206F74510040C3D9 /* Sources */ = {
			isa = PBXSourcesBuildPhase;
			buildActionMask = 2147483647;
			files = (
				8835C5C8206F74510040C3D9 /* YeeShopCarObjcProjectTests.m in Sources */,
				8835C5EE206F7EC30040C3D9 /* ListTableViewCell.m in Sources */,
				8835C5E9206F76800040C3D9 /* ListTableViewController.m in Sources */,
				8835C5F3206F7EDD0040C3D9 /* YeeShopCarHelp.m in Sources */,
				8835C5F8206F81940040C3D9 /* ListViewEntify.m in Sources */,
			);
			runOnlyForDeploymentPostprocessing = 0;
		};
		8835C5CA206F74510040C3D9 /* Sources */ = {
			isa = PBXSourcesBuildPhase;
			buildActionMask = 2147483647;
			files = (
				8835C5D3206F74510040C3D9 /* YeeShopCarObjcProjectUITests.m in Sources */,
				8835C5EF206F7EC30040C3D9 /* ListTableViewCell.m in Sources */,
				8835C5EA206F76800040C3D9 /* ListTableViewController.m in Sources */,
				8835C5F4206F7EDD0040C3D9 /* YeeShopCarHelp.m in Sources */,
				8835C5F9206F81940040C3D9 /* ListViewEntify.m in Sources */,
			);
			runOnlyForDeploymentPostprocessing = 0;
		};
/* End PBXSourcesBuildPhase section */

/* Begin PBXTargetDependency section */
		8835C5C5206F74510040C3D9 /* PBXTargetDependency */ = {
			isa = PBXTargetDependency;
			target = 8835C5AA206F74500040C3D9 /* YeeShopCarObjcProject */;
			targetProxy = 8835C5C4206F74510040C3D9 /* PBXContainerItemProxy */;
		};
		8835C5D0206F74510040C3D9 /* PBXTargetDependency */ = {
			isa = PBXTargetDependency;
			target = 8835C5AA206F74500040C3D9 /* YeeShopCarObjcProject */;
			targetProxy = 8835C5CF206F74510040C3D9 /* PBXContainerItemProxy */;
		};
/* End PBXTargetDependency section */

/* Begin PBXVariantGroup section */
		8835C5B9206F74500040C3D9 /* LaunchScreen.storyboard */ = {
			isa = PBXVariantGroup;
			children = (
				8835C5BA206F74500040C3D9 /* Base */,
			);
			name = LaunchScreen.storyboard;
			sourceTree = "<group>";
		};
/* End PBXVariantGroup section */

/* Begin XCBuildConfiguration section */
		8835C5D5206F74510040C3D9 /* Debug */ = {
			isa = XCBuildConfiguration;
			buildSettings = {
				ALWAYS_SEARCH_USER_PATHS = NO;
				CLANG_ANALYZER_NONNULL = YES;
				CLANG_ANALYZER_NUMBER_OBJECT_CONVERSION = YES_AGGRESSIVE;
				CLANG_CXX_LANGUAGE_STANDARD = "gnu++14";
				CLANG_CXX_LIBRARY = "libc++";
				CLANG_ENABLE_MODULES = YES;
				CLANG_ENABLE_OBJC_ARC = YES;
				CLANG_WARN_BLOCK_CAPTURE_AUTORELEASING = YES;
				CLANG_WARN_BOOL_CONVERSION = YES;
				CLANG_WARN_COMMA = YES;
				CLANG_WARN_CONSTANT_CONVERSION = YES;
				CLANG_WARN_DIRECT_OBJC_ISA_USAGE = YES_ERROR;
				CLANG_WARN_DOCUMENTATION_COMMENTS = YES;
				CLANG_WARN_EMPTY_BODY = YES;
				CLANG_WARN_ENUM_CONVERSION = YES;
				CLANG_WARN_INFINITE_RECURSION = YES;
				CLANG_WARN_INT_CONVERSION = YES;
				CLANG_WARN_NON_LITERAL_NULL_CONVERSION = YES;
				CLANG_WARN_OBJC_LITERAL_CONVERSION = YES;
				CLANG_WARN_OBJC_ROOT_CLASS = YES_ERROR;
				CLANG_WARN_RANGE_LOOP_ANALYSIS = YES;
				CLANG_WARN_STRICT_PROTOTYPES = YES;
				CLANG_WARN_SUSPICIOUS_MOVE = YES;
				CLANG_WARN_UNGUARDED_AVAILABILITY = YES_AGGRESSIVE;
				CLANG_WARN_UNREACHABLE_CODE = YES;
				CLANG_WARN__DUPLICATE_METHOD_MATCH = YES;
				CODE_SIGN_IDENTITY = "iPhone Developer";
				COPY_PHASE_STRIP = NO;
				DEBUG_INFORMATION_FORMAT = dwarf;
				ENABLE_STRICT_OBJC_MSGSEND = YES;
				ENABLE_TESTABILITY = YES;
				GCC_C_LANGUAGE_STANDARD = gnu11;
				GCC_DYNAMIC_NO_PIC = NO;
				GCC_NO_COMMON_BLOCKS = YES;
				GCC_OPTIMIZATION_LEVEL = 0;
				GCC_PREPROCESSOR_DEFINITIONS = (
					"DEBUG=1",
					"$(inherited)",
				);
				GCC_WARN_64_TO_32_BIT_CONVERSION = YES;
				GCC_WARN_ABOUT_RETURN_TYPE = YES_ERROR;
				GCC_WARN_UNDECLARED_SELECTOR = YES;
				GCC_WARN_UNINITIALIZED_AUTOS = YES_AGGRESSIVE;
				GCC_WARN_UNUSED_FUNCTION = YES;
				GCC_WARN_UNUSED_VARIABLE = YES;
				IPHONEOS_DEPLOYMENT_TARGET = 11.2;
				MTL_ENABLE_DEBUG_INFO = YES;
				ONLY_ACTIVE_ARCH = YES;
				SDKROOT = iphoneos;
			};
			name = Debug;
		};
		8835C5D6206F74510040C3D9 /* Release */ = {
			isa = XCBuildConfiguration;
			buildSettings = {
				ALWAYS_SEARCH_USER_PATHS = NO;
				CLANG_ANALYZER_NONNULL = YES;
				CLANG_ANALYZER_NUMBER_OBJECT_CONVERSION = YES_AGGRESSIVE;
				CLANG_CXX_LANGUAGE_STANDARD = "gnu++14";
				CLANG_CXX_LIBRARY = "libc++";
				CLANG_ENABLE_MODULES = YES;
				CLANG_ENABLE_OBJC_ARC = YES;
				CLANG_WARN_BLOCK_CAPTURE_AUTORELEASING = YES;
				CLANG_WARN_BOOL_CONVERSION = YES;
				CLANG_WARN_COMMA = YES;
				CLANG_WARN_CONSTANT_CONVERSION = YES;
				CLANG_WARN_DIRECT_OBJC_ISA_USAGE = YES_ERROR;
				CLANG_WARN_DOCUMENTATION_COMMENTS = YES;
				CLANG_WARN_EMPTY_BODY = YES;
				CLANG_WARN_ENUM_CONVERSION = YES;
				CLANG_WARN_INFINITE_RECURSION = YES;
				CLANG_WARN_INT_CONVERSION = YES;
				CLANG_WARN_NON_LITERAL_NULL_CONVERSION = YES;
				CLANG_WARN_OBJC_LITERAL_CONVERSION = YES;
				CLANG_WARN_OBJC_ROOT_CLASS = YES_ERROR;
				CLANG_WARN_RANGE_LOOP_ANALYSIS = YES;
				CLANG_WARN_STRICT_PROTOTYPES = YES;
				CLANG_WARN_SUSPICIOUS_MOVE = YES;
				CLANG_WARN_UNGUARDED_AVAILABILITY = YES_AGGRESSIVE;
				CLANG_WARN_UNREACHABLE_CODE = YES;
				CLANG_WARN__DUPLICATE_METHOD_MATCH = YES;
				CODE_SIGN_IDENTITY = "iPhone Developer";
				COPY_PHASE_STRIP = NO;
				DEBUG_INFORMATION_FORMAT = "dwarf-with-dsym";
				ENABLE_NS_ASSERTIONS = NO;
				ENABLE_STRICT_OBJC_MSGSEND = YES;
				GCC_C_LANGUAGE_STANDARD = gnu11;
				GCC_NO_COMMON_BLOCKS = YES;
				GCC_WARN_64_TO_32_BIT_CONVERSION = YES;
				GCC_WARN_ABOUT_RETURN_TYPE = YES_ERROR;
				GCC_WARN_UNDECLARED_SELECTOR = YES;
				GCC_WARN_UNINITIALIZED_AUTOS = YES_AGGRESSIVE;
				GCC_WARN_UNUSED_FUNCTION = YES;
				GCC_WARN_UNUSED_VARIABLE = YES;
				IPHONEOS_DEPLOYMENT_TARGET = 11.2;
				MTL_ENABLE_DEBUG_INFO = NO;
				SDKROOT = iphoneos;
				VALIDATE_PRODUCT = YES;
			};
			name = Release;
		};
		8835C5D8206F74510040C3D9 /* Debug */ = {
			isa = XCBuildConfiguration;
			baseConfigurationReference = CCDDFCE823652C0F873A57A6 /* Pods-YeeShopCarObjcProject.debug.xcconfig */;
			buildSettings = {
				ASSETCATALOG_COMPILER_APPICON_NAME = AppIcon;
				CODE_SIGN_STYLE = Automatic;
				DEVELOPMENT_TEAM = 34TTMZE623;
				INFOPLIST_FILE = YeeShopCarObjcProject/Info.plist;
				IPHONEOS_DEPLOYMENT_TARGET = 8.0;
				LD_RUNPATH_SEARCH_PATHS = "$(inherited) @executable_path/Frameworks";
				PRODUCT_BUNDLE_IDENTIFIER = com.Yee.YeeShopCarObjcProject;
				PRODUCT_NAME = "$(TARGET_NAME)";
				TARGETED_DEVICE_FAMILY = 1;
			};
			name = Debug;
		};
		8835C5D9206F74510040C3D9 /* Release */ = {
			isa = XCBuildConfiguration;
			baseConfigurationReference = D0FB82C98BACCC7553D85EBA /* Pods-YeeShopCarObjcProject.release.xcconfig */;
			buildSettings = {
				ASSETCATALOG_COMPILER_APPICON_NAME = AppIcon;
				CODE_SIGN_STYLE = Automatic;
				DEVELOPMENT_TEAM = 34TTMZE623;
				INFOPLIST_FILE = YeeShopCarObjcProject/Info.plist;
				IPHONEOS_DEPLOYMENT_TARGET = 8.0;
				LD_RUNPATH_SEARCH_PATHS = "$(inherited) @executable_path/Frameworks";
				PRODUCT_BUNDLE_IDENTIFIER = com.Yee.YeeShopCarObjcProject;
				PRODUCT_NAME = "$(TARGET_NAME)";
				TARGETED_DEVICE_FAMILY = 1;
			};
			name = Release;
		};
		8835C5DB206F74510040C3D9 /* Debug */ = {
			isa = XCBuildConfiguration;
			buildSettings = {
				BUNDLE_LOADER = "$(TEST_HOST)";
				CODE_SIGN_STYLE = Automatic;
				DEVELOPMENT_TEAM = 34TTMZE623;
				INFOPLIST_FILE = YeeShopCarObjcProjectTests/Info.plist;
				LD_RUNPATH_SEARCH_PATHS = "$(inherited) @executable_path/Frameworks @loader_path/Frameworks";
				PRODUCT_BUNDLE_IDENTIFIER = com.Yee.YeeShopCarObjcProjectTests;
				PRODUCT_NAME = "$(TARGET_NAME)";
				TARGETED_DEVICE_FAMILY = "1,2";
				TEST_HOST = "$(BUILT_PRODUCTS_DIR)/YeeShopCarObjcProject.app/YeeShopCarObjcProject";
			};
			name = Debug;
		};
		8835C5DC206F74510040C3D9 /* Release */ = {
			isa = XCBuildConfiguration;
			buildSettings = {
				BUNDLE_LOADER = "$(TEST_HOST)";
				CODE_SIGN_STYLE = Automatic;
				DEVELOPMENT_TEAM = 34TTMZE623;
				INFOPLIST_FILE = YeeShopCarObjcProjectTests/Info.plist;
				LD_RUNPATH_SEARCH_PATHS = "$(inherited) @executable_path/Frameworks @loader_path/Frameworks";
				PRODUCT_BUNDLE_IDENTIFIER = com.Yee.YeeShopCarObjcProjectTests;
				PRODUCT_NAME = "$(TARGET_NAME)";
				TARGETED_DEVICE_FAMILY = "1,2";
				TEST_HOST = "$(BUILT_PRODUCTS_DIR)/YeeShopCarObjcProject.app/YeeShopCarObjcProject";
			};
			name = Release;
		};
		8835C5DE206F74510040C3D9 /* Debug */ = {
			isa = XCBuildConfiguration;
			buildSettings = {
				CODE_SIGN_STYLE = Automatic;
				DEVELOPMENT_TEAM = 34TTMZE623;
				INFOPLIST_FILE = YeeShopCarObjcProjectUITests/Info.plist;
				LD_RUNPATH_SEARCH_PATHS = "$(inherited) @executable_path/Frameworks @loader_path/Frameworks";
				PRODUCT_BUNDLE_IDENTIFIER = com.Yee.YeeShopCarObjcProjectUITests;
				PRODUCT_NAME = "$(TARGET_NAME)";
				TARGETED_DEVICE_FAMILY = "1,2";
				TEST_TARGET_NAME = YeeShopCarObjcProject;
			};
			name = Debug;
		};
		8835C5DF206F74510040C3D9 /* Release */ = {
			isa = XCBuildConfiguration;
			buildSettings = {
				CODE_SIGN_STYLE = Automatic;
				DEVELOPMENT_TEAM = 34TTMZE623;
				INFOPLIST_FILE = YeeShopCarObjcProjectUITests/Info.plist;
				LD_RUNPATH_SEARCH_PATHS = "$(inherited) @executable_path/Frameworks @loader_path/Frameworks";
				PRODUCT_BUNDLE_IDENTIFIER = com.Yee.YeeShopCarObjcProjectUITests;
				PRODUCT_NAME = "$(TARGET_NAME)";
				TARGETED_DEVICE_FAMILY = "1,2";
				TEST_TARGET_NAME = YeeShopCarObjcProject;
			};
			name = Release;
		};
/* End XCBuildConfiguration section */

/* Begin XCConfigurationList section */
		8835C5A6206F74500040C3D9 /* Build configuration list for PBXProject "YeeShopCarObjcProject" */ = {
			isa = XCConfigurationList;
			buildConfigurations = (
				8835C5D5206F74510040C3D9 /* Debug */,
				8835C5D6206F74510040C3D9 /* Release */,
			);
			defaultConfigurationIsVisible = 0;
			defaultConfigurationName = Release;
		};
		8835C5D7206F74510040C3D9 /* Build configuration list for PBXNativeTarget "YeeShopCarObjcProject" */ = {
			isa = XCConfigurationList;
			buildConfigurations = (
				8835C5D8206F74510040C3D9 /* Debug */,
				8835C5D9206F74510040C3D9 /* Release */,
			);
			defaultConfigurationIsVisible = 0;
			defaultConfigurationName = Release;
		};
		8835C5DA206F74510040C3D9 /* Build configuration list for PBXNativeTarget "YeeShopCarObjcProjectTests" */ = {
			isa = XCConfigurationList;
			buildConfigurations = (
				8835C5DB206F74510040C3D9 /* Debug */,
				8835C5DC206F74510040C3D9 /* Release */,
			);
			defaultConfigurationIsVisible = 0;
			defaultConfigurationName = Release;
		};
		8835C5DD206F74510040C3D9 /* Build configuration list for PBXNativeTarget "YeeShopCarObjcProjectUITests" */ = {
			isa = XCConfigurationList;
			buildConfigurations = (
				8835C5DE206F74510040C3D9 /* Debug */,
				8835C5DF206F74510040C3D9 /* Release */,
			);
			defaultConfigurationIsVisible = 0;
			defaultConfigurationName = Release;
		};
/* End XCConfigurationList section */
	};
	rootObject = 8835C5A3206F74500040C3D9 /* Project object */;
}
